
Microsoft Visual Studio Solution File, Format Version 12.00
Project("{2150E333-8FDC-42A3-9474-1A3956D46DE8}") = "src", "src", "{4858D757-D722-477E-869A-CA8F9775F340}"
EndProject
Project("{2150E333-8FDC-42A3-9474-1A3956D46DE8}") = "Domain", "Domain", "{3BC47EB6-CEF9-4DBE-A69A-92C9CC11F1F6}"
EndProject
Project("{2150E333-8FDC-42A3-9474-1A3956D46DE8}") = "Infrastructure", "Infrastructure", "{C94E22CD-F823-4792-BFBA-85AA1B8C79D7}"
EndProject
Project("{2150E333-8FDC-42A3-9474-1A3956D46DE8}") = "Presentation", "Presentation", "{AE4121E3-AC74-4082-9ABE-471576FFDD9B}"
EndProject
Project("{FAE04EC0-301F-11D3-BF4B-00C04F79EFBC}") = "Steps.Domain", " Steps.Domain\Steps.Domain.csproj", "{1DC24C83-A9AA-48C2-8463-5465270650CD}"
EndProject
Project("{FAE04EC0-301F-11D3-BF4B-00C04F79EFBC}") = "Steps.WebApi", "Steps.WebApi\Steps.WebApi.csproj", "{F077BB18-2FF1-41D6-8E90-E3DC010F680F}"
EndProject
Project("{2150E333-8FDC-42A3-9474-1A3956D46DE8}") = "Application", "Application", "{FAC427CF-0FB3-4D27-B4EB-AE285CC429CA}"
EndProject
Project("{FAE04EC0-301F-11D3-BF4B-00C04F79EFBC}") = "Steps.Application", "Steps.Application\Steps.Application.csproj", "{E248507D-9CD9-4BD0-86CD-840C77E980A7}"
EndProject
Project("{FAE04EC0-301F-11D3-BF4B-00C04F79EFBC}") = "Steps.Infrastructure.Data", "Steps.Infrastructure.Data\Steps.Infrastructure.Data.csproj", "{0E7E2F51-09DD-4AA8-83F2-239FD865448E}"
EndProject
Project("{FAE04EC0-301F-11D3-BF4B-00C04F79EFBC}") = "Steps.UI.Client", "Steps.UI.Client\Steps.UI.Client.csproj", "{0683675C-38F9-484E-8E09-EF94F6F14F4D}"
EndProject
Project("{2150E333-8FDC-42A3-9474-1A3956D46DE8}") = "Shared", "Shared", "{0AEFEDDC-4EFD-4558-AFB6-1C1C7EC863C1}"
EndProject
Project("{FAE04EC0-301F-11D3-BF4B-00C04F79EFBC}") = "Steps.Shared", "Steps.Shared\Steps.Shared.csproj", "{E6343130-A6F0-4F38-95A9-FAA76A96C5C8}"
EndProject
Project("{2150E333-8FDC-42A3-9474-1A3956D46DE8}") = "Solution Items", "Solution Items", "{D5ADAD4A-8354-4DB8-9C3C-6EE17BDE2A98}"
	ProjectSection(SolutionItems) = preProject
		compose.yaml = compose.yaml
	EndProjectSection
EndProject
Project("{FAE04EC0-301F-11D3-BF4B-00C04F79EFBC}") = "Steps.Application.Tests", "Steps.Application.Tests\Steps.Application.Tests.csproj", "{6805F3AE-7B91-420D-9284-87422A15D8F7}"
EndProject
Project("{FAE04EC0-301F-11D3-BF4B-00C04F79EFBC}") = "Steps.Utils", "Steps.Utils\Steps.Utils.csproj", "{232481AE-9B15-4820-B947-09AA5FB35B4D}"
EndProject
Project("{FAE04EC0-301F-11D3-BF4B-00C04F79EFBC}") = "Steps.Client", "Steps.Client\Steps.Client.csproj", "{3C7722FA-311C-420D-9C99-768328771E8D}"
EndProject
Global
	GlobalSection(SolutionConfigurationPlatforms) = preSolution
		Debug|Any CPU = Debug|Any CPU
		Release|Any CPU = Release|Any CPU
	EndGlobalSection
	GlobalSection(NestedProjects) = preSolution
		{3BC47EB6-CEF9-4DBE-A69A-92C9CC11F1F6} = {4858D757-D722-477E-869A-CA8F9775F340}
		{C94E22CD-F823-4792-BFBA-85AA1B8C79D7} = {4858D757-D722-477E-869A-CA8F9775F340}
		{AE4121E3-AC74-4082-9ABE-471576FFDD9B} = {4858D757-D722-477E-869A-CA8F9775F340}
		{1DC24C83-A9AA-48C2-8463-5465270650CD} = {3BC47EB6-CEF9-4DBE-A69A-92C9CC11F1F6}
		{FAC427CF-0FB3-4D27-B4EB-AE285CC429CA} = {4858D757-D722-477E-869A-CA8F9775F340}
		{E248507D-9CD9-4BD0-86CD-840C77E980A7} = {FAC427CF-0FB3-4D27-B4EB-AE285CC429CA}
		{0E7E2F51-09DD-4AA8-83F2-239FD865448E} = {C94E22CD-F823-4792-BFBA-85AA1B8C79D7}
		{0683675C-38F9-484E-8E09-EF94F6F14F4D} = {AE4121E3-AC74-4082-9ABE-471576FFDD9B}
		{0AEFEDDC-4EFD-4558-AFB6-1C1C7EC863C1} = {4858D757-D722-477E-869A-CA8F9775F340}
		{E6343130-A6F0-4F38-95A9-FAA76A96C5C8} = {0AEFEDDC-4EFD-4558-AFB6-1C1C7EC863C1}
		{F077BB18-2FF1-41D6-8E90-E3DC010F680F} = {AE4121E3-AC74-4082-9ABE-471576FFDD9B}
		{6805F3AE-7B91-420D-9284-87422A15D8F7} = {FAC427CF-0FB3-4D27-B4EB-AE285CC429CA}
		{232481AE-9B15-4820-B947-09AA5FB35B4D} = {0AEFEDDC-4EFD-4558-AFB6-1C1C7EC863C1}
		{3C7722FA-311C-420D-9C99-768328771E8D} = {AE4121E3-AC74-4082-9ABE-471576FFDD9B}
	EndGlobalSection
	GlobalSection(ProjectConfigurationPlatforms) = postSolution
		{1DC24C83-A9AA-48C2-8463-5465270650CD}.Debug|Any CPU.ActiveCfg = Debug|Any CPU
		{1DC24C83-A9AA-48C2-8463-5465270650CD}.Debug|Any CPU.Build.0 = Debug|Any CPU
		{1DC24C83-A9AA-48C2-8463-5465270650CD}.Release|Any CPU.ActiveCfg = Release|Any CPU
		{1DC24C83-A9AA-48C2-8463-5465270650CD}.Release|Any CPU.Build.0 = Release|Any CPU
		{F077BB18-2FF1-41D6-8E90-E3DC010F680F}.Debug|Any CPU.ActiveCfg = Debug|Any CPU
		{F077BB18-2FF1-41D6-8E90-E3DC010F680F}.Debug|Any CPU.Build.0 = Debug|Any CPU
		{F077BB18-2FF1-41D6-8E90-E3DC010F680F}.Release|Any CPU.ActiveCfg = Release|Any CPU
		{F077BB18-2FF1-41D6-8E90-E3DC010F680F}.Release|Any CPU.Build.0 = Release|Any CPU
		{E248507D-9CD9-4BD0-86CD-840C77E980A7}.Debug|Any CPU.ActiveCfg = Debug|Any CPU
		{E248507D-9CD9-4BD0-86CD-840C77E980A7}.Debug|Any CPU.Build.0 = Debug|Any CPU
		{E248507D-9CD9-4BD0-86CD-840C77E980A7}.Release|Any CPU.ActiveCfg = Release|Any CPU
		{E248507D-9CD9-4BD0-86CD-840C77E980A7}.Release|Any CPU.Build.0 = Release|Any CPU
		{0E7E2F51-09DD-4AA8-83F2-239FD865448E}.Debug|Any CPU.ActiveCfg = Debug|Any CPU
		{0E7E2F51-09DD-4AA8-83F2-239FD865448E}.Debug|Any CPU.Build.0 = Debug|Any CPU
		{0E7E2F51-09DD-4AA8-83F2-239FD865448E}.Release|Any CPU.ActiveCfg = Release|Any CPU
		{0E7E2F51-09DD-4AA8-83F2-239FD865448E}.Release|Any CPU.Build.0 = Release|Any CPU
		{0683675C-38F9-484E-8E09-EF94F6F14F4D}.Debug|Any CPU.ActiveCfg = Debug|Any CPU
		{0683675C-38F9-484E-8E09-EF94F6F14F4D}.Debug|Any CPU.Build.0 = Debug|Any CPU
		{0683675C-38F9-484E-8E09-EF94F6F14F4D}.Release|Any CPU.ActiveCfg = Release|Any CPU
		{0683675C-38F9-484E-8E09-EF94F6F14F4D}.Release|Any CPU.Build.0 = Release|Any CPU
		{E6343130-A6F0-4F38-95A9-FAA76A96C5C8}.Debug|Any CPU.ActiveCfg = Debug|Any CPU
		{E6343130-A6F0-4F38-95A9-FAA76A96C5C8}.Debug|Any CPU.Build.0 = Debug|Any CPU
		{E6343130-A6F0-4F38-95A9-FAA76A96C5C8}.Release|Any CPU.ActiveCfg = Release|Any CPU
		{E6343130-A6F0-4F38-95A9-FAA76A96C5C8}.Release|Any CPU.Build.0 = Release|Any CPU
		{6805F3AE-7B91-420D-9284-87422A15D8F7}.Debug|Any CPU.ActiveCfg = Debug|Any CPU
		{6805F3AE-7B91-420D-9284-87422A15D8F7}.Debug|Any CPU.Build.0 = Debug|Any CPU
		{6805F3AE-7B91-420D-9284-87422A15D8F7}.Release|Any CPU.ActiveCfg = Release|Any CPU
		{6805F3AE-7B91-420D-9284-87422A15D8F7}.Release|Any CPU.Build.0 = Release|Any CPU
		{232481AE-9B15-4820-B947-09AA5FB35B4D}.Debug|Any CPU.ActiveCfg = Debug|Any CPU
		{232481AE-9B15-4820-B947-09AA5FB35B4D}.Debug|Any CPU.Build.0 = Debug|Any CPU
		{232481AE-9B15-4820-B947-09AA5FB35B4D}.Release|Any CPU.ActiveCfg = Release|Any CPU
		{232481AE-9B15-4820-B947-09AA5FB35B4D}.Release|Any CPU.Build.0 = Release|Any CPU
		{3C7722FA-311C-420D-9C99-768328771E8D}.Debug|Any CPU.ActiveCfg = Debug|Any CPU
		{3C7722FA-311C-420D-9C99-768328771E8D}.Debug|Any CPU.Build.0 = Debug|Any CPU
		{3C7722FA-311C-420D-9C99-768328771E8D}.Release|Any CPU.ActiveCfg = Release|Any CPU
		{3C7722FA-311C-420D-9C99-768328771E8D}.Release|Any CPU.Build.0 = Release|Any CPU
	EndGlobalSection
EndGlobal
